PODS:
  - Flutter (1.0.0)
  - FunctionalSwift (1.8.0)
  - MobileSdk (2.0.0)
  - MoneyAuth (6.1.0):
    - FunctionalSwift (~> 1.8)
    - YooMoneyCoreApi (~> 2.1)
    - YooMoneyUI (~> 6.0)
  - YandexMobileMetrica/Dynamic (4.5.2):
    - YandexMobileMetrica/Dynamic/Core (= 4.5.2)
    - YandexMobileMetrica/Dynamic/Crashes (= 4.5.2)
  - YandexMobileMetrica/Dynamic/Core (4.5.2)
  - YandexMobileMetrica/Dynamic/Crashes (4.5.2):
    - YandexMobileMetrica/Dynamic/Core
  - yookassa_payments_flutter (0.0.1):
    - Flutter
    - YooKassaPayments (= 6.12.0)
  - YooKassaPayments (6.12.0):
    - MoneyAuth (~> 6.1.0)
    - YandexMobileMetrica/Dynamic (>= 3.0)
    - YooKassaPaymentsApi (~> 2.20.1)
    - YooKassaWalletApi (~> 2.3.1)
    - YooMoneyCoreApi (~> 2.1.0)
    - YooMoneySessionProfiler (~> 5.0.1)
    - YooMoneyUI (~> 6.2.0)
  - YooKassaPaymentsApi (2.20.1):
    - FunctionalSwift
    - YooMoneyCoreApi (~> 2.1)
  - YooKassaWalletApi (2.3.2):
    - FunctionalSwift
    - YooMoneyCoreApi
  - YooMoneyCoreApi (2.1.0):
    - FunctionalSwift (~> 1.8.0)
  - YooMoneySessionProfiler (5.0.1):
    - MobileSdk (~> 2.0)
  - YooMoneyUI (6.2.0):
    - FunctionalSwift

DEPENDENCIES:
  - Flutter (from `Flutter`)
  - yookassa_payments_flutter (from `.symlinks/plugins/yookassa_payments_flutter/ios`)

SPEC REPOS:
  https://git.yoomoney.ru/scm/sdk/cocoa-pod-specs.git:
    - FunctionalSwift
    - MobileSdk
    - MoneyAuth
    - YooKassaPayments
    - YooKassaPaymentsApi
    - YooKassaWalletApi
    - YooMoneyCoreApi
    - YooMoneySessionProfiler
    - YooMoneyUI
  https://github.com/CocoaPods/Specs.git:
    - YandexMobileMetrica

EXTERNAL SOURCES:
  Flutter:
    :path: Flutter
  yookassa_payments_flutter:
    :path: ".symlinks/plugins/yookassa_payments_flutter/ios"

SPEC CHECKSUMS:
  Flutter: f04841e97a9d0b0a8025694d0796dd46242b2854
  FunctionalSwift: b65b0a7ddde7f11a11e794f79a1e8009724ed0bd
  MobileSdk: 827ec8a9ef58a60f35e920cebaecf74f20a250c4
  MoneyAuth: dedc9545fa857e7b489333e92403fe608585e518
  YandexMobileMetrica: f5368ee93f286c793d73b58da00929babfc897c1
  yookassa_payments_flutter: 9c4a1c019f2b042ebbd0b45fe19380054240d70a
  YooKassaPayments: 09f7cb2b3562130aed01d75bba653a8f0d96d9f6
  YooKassaPaymentsApi: d198a1da65988af52bd408d5d5d1c8cd93f039a2
  YooKassaWalletApi: cbb352525bfe89fd2ad52635062f79f8bbbc23ec
  YooMoneyCoreApi: ddf9ea035b9a3f8d0563b4da8e55652fa07040d3
  YooMoneySessionProfiler: 1a19bed99feca98c04e2a906908f91a7d5db408d
  YooMoneyUI: 01f293ed3486e00c5244a5feded457e7cdc18074

PODFILE CHECKSUM: 6abfb72a0d401d5c53824cfe614a85f37a1a3040

COCOAPODS: 1.11.3
